
Microsoft Visual Studio Solution File, Format Version 12.00
# Visual Studio 15
Project("{FAE04EC0-301F-11D3-BF4B-00C04F79EFBC}") = "Assembly-CSharp", "Assembly-CSharp.csproj", "{B3D01AB4-6947-0FD8-AE53-9E4A8CDD0B38}"
EndProject
Project("{2150E333-8FDC-42A3-9474-1A3956D46DE8}") = "Communication", "Communication", "{A8478458-E8BD-4ED4-A64B-65D8DB842126}"
EndProject
Project("{FAE04EC0-301F-11D3-BF4B-00C04F79EFBC}") = "UnityListener", "..\UDPTinkering\UnityListener.csproj", "{B44ED720-2DA2-422B-8A56-E8FF754EE9ED}"
EndProject
Project("{FAE04EC0-301F-11D3-BF4B-00C04F79EFBC}") = "Middleware", "..\Middleware\Middleware.csproj", "{42AE8436-7A76-40EC-BAD0-77F33D4C7106}"
EndProject
Project("{2150E333-8FDC-42A3-9474-1A3956D46DE8}") = "Speed Testing", "Speed Testing", "{3EE4BCBF-736D-4E08-B733-1765FB701D4D}"
EndProject
Project("{FAE04EC0-301F-11D3-BF4B-00C04F79EFBC}") = "MatlabSpeedTest", "..\MatlabSpeedTest\MatlabSpeedTest.csproj", "{6331D082-0ED5-46DC-A3A5-355DF6BCFDF2}"
EndProject
Global
	GlobalSection(SolutionConfigurationPlatforms) = preSolution
		Debug|Any CPU = Debug|Any CPU
		Release|Any CPU = Release|Any CPU
	EndGlobalSection
	GlobalSection(ProjectConfigurationPlatforms) = postSolution
		{B3D01AB4-6947-0FD8-AE53-9E4A8CDD0B38}.Debug|Any CPU.ActiveCfg = Debug|Any CPU
		{B3D01AB4-6947-0FD8-AE53-9E4A8CDD0B38}.Debug|Any CPU.Build.0 = Debug|Any CPU
		{B3D01AB4-6947-0FD8-AE53-9E4A8CDD0B38}.Release|Any CPU.ActiveCfg = Release|Any CPU
		{B3D01AB4-6947-0FD8-AE53-9E4A8CDD0B38}.Release|Any CPU.Build.0 = Release|Any CPU
		{B44ED720-2DA2-422B-8A56-E8FF754EE9ED}.Debug|Any CPU.ActiveCfg = Debug|Any CPU
		{B44ED720-2DA2-422B-8A56-E8FF754EE9ED}.Debug|Any CPU.Build.0 = Debug|Any CPU
		{B44ED720-2DA2-422B-8A56-E8FF754EE9ED}.Release|Any CPU.ActiveCfg = Release|Any CPU
		{B44ED720-2DA2-422B-8A56-E8FF754EE9ED}.Release|Any CPU.Build.0 = Release|Any CPU
		{42AE8436-7A76-40EC-BAD0-77F33D4C7106}.Debug|Any CPU.ActiveCfg = Debug|Any CPU
		{42AE8436-7A76-40EC-BAD0-77F33D4C7106}.Debug|Any CPU.Build.0 = Debug|Any CPU
		{42AE8436-7A76-40EC-BAD0-77F33D4C7106}.Release|Any CPU.ActiveCfg = Release|Any CPU
		{42AE8436-7A76-40EC-BAD0-77F33D4C7106}.Release|Any CPU.Build.0 = Release|Any CPU
		{6331D082-0ED5-46DC-A3A5-355DF6BCFDF2}.Debug|Any CPU.ActiveCfg = Debug|Any CPU
		{6331D082-0ED5-46DC-A3A5-355DF6BCFDF2}.Debug|Any CPU.Build.0 = Debug|Any CPU
		{6331D082-0ED5-46DC-A3A5-355DF6BCFDF2}.Release|Any CPU.ActiveCfg = Release|Any CPU
		{6331D082-0ED5-46DC-A3A5-355DF6BCFDF2}.Release|Any CPU.Build.0 = Release|Any CPU
	EndGlobalSection
	GlobalSection(SolutionProperties) = preSolution
		HideSolutionNode = FALSE
	EndGlobalSection
	GlobalSection(NestedProjects) = preSolution
		{B44ED720-2DA2-422B-8A56-E8FF754EE9ED} = {A8478458-E8BD-4ED4-A64B-65D8DB842126}
		{42AE8436-7A76-40EC-BAD0-77F33D4C7106} = {A8478458-E8BD-4ED4-A64B-65D8DB842126}
		{3EE4BCBF-736D-4E08-B733-1765FB701D4D} = {A8478458-E8BD-4ED4-A64B-65D8DB842126}
		{6331D082-0ED5-46DC-A3A5-355DF6BCFDF2} = {3EE4BCBF-736D-4E08-B733-1765FB701D4D}
	EndGlobalSection
EndGlobal
