
Microsoft Visual Studio Solution File, Format Version 12.00
# Visual Studio Version 17
VisualStudioVersion = 17.4.33213.308
MinimumVisualStudioVersion = 10.0.40219.1
Project("{FAE04EC0-301F-11D3-BF4B-00C04F79EFBC}") = "Assembly-CSharp", "Assembly-CSharp.csproj", "{B3D01AB4-6947-0FD8-AE53-9E4A8CDD0B38}"
EndProject
Project("{2150E333-8FDC-42A3-9474-1A3956D46DE8}") = "Communication", "Communication", "{A8478458-E8BD-4ED4-A64B-65D8DB842126}"
EndProject
Project("{FAE04EC0-301F-11D3-BF4B-00C04F79EFBC}") = "UnityListener", "..\UDPTinkering\UnityListener.csproj", "{B44ED720-2DA2-422B-8A56-E8FF754EE9ED}"
EndProject
Project("{9A19103F-16F7-4668-BE54-9A1E7A4F7556}") = "UDPSending", "..\UDPSending\UDPSending.csproj", "{1790A484-BDF0-40CA-BB96-EB7B1835D9EF}"
EndProject
Project("{FAE04EC0-301F-11D3-BF4B-00C04F79EFBC}") = "Middleware", "..\Middleware\Middleware.csproj", "{42AE8436-7A76-40EC-BAD0-77F33D4C7106}"
EndProject
Project("{2150E333-8FDC-42A3-9474-1A3956D46DE8}") = "Speed Testing", "Speed Testing", "{3EE4BCBF-736D-4E08-B733-1765FB701D4D}"
EndProject
Project("{FAE04EC0-301F-11D3-BF4B-00C04F79EFBC}") = "MatlabSpeedTest", "..\MatlabSpeedTest\MatlabSpeedTest.csproj", "{6331D082-0ED5-46DC-A3A5-355DF6BCFDF2}"
EndProject
Project("{FAE04EC0-301F-11D3-BF4B-00C04F79EFBC}") = "UDPTesting", "..\UDPTesting\UDPTesting.csproj", "{ED8131AB-BD72-491C-BA40-BBFC8B9409C4}"
EndProject
Global
	GlobalSection(SolutionConfigurationPlatforms) = preSolution
		Debug|Any CPU = Debug|Any CPU
		Release|Any CPU = Release|Any CPU
	EndGlobalSection
	GlobalSection(ProjectConfigurationPlatforms) = postSolution
		{B3D01AB4-6947-0FD8-AE53-9E4A8CDD0B38}.Debug|Any CPU.ActiveCfg = Debug|Any CPU
		{B3D01AB4-6947-0FD8-AE53-9E4A8CDD0B38}.Debug|Any CPU.Build.0 = Debug|Any CPU
		{B3D01AB4-6947-0FD8-AE53-9E4A8CDD0B38}.Release|Any CPU.ActiveCfg = Release|Any CPU
		{B3D01AB4-6947-0FD8-AE53-9E4A8CDD0B38}.Release|Any CPU.Build.0 = Release|Any CPU
		{B44ED720-2DA2-422B-8A56-E8FF754EE9ED}.Debug|Any CPU.ActiveCfg = Debug|Any CPU
		{B44ED720-2DA2-422B-8A56-E8FF754EE9ED}.Debug|Any CPU.Build.0 = Debug|Any CPU
		{B44ED720-2DA2-422B-8A56-E8FF754EE9ED}.Release|Any CPU.ActiveCfg = Release|Any CPU
		{B44ED720-2DA2-422B-8A56-E8FF754EE9ED}.Release|Any CPU.Build.0 = Release|Any CPU
		{1790A484-BDF0-40CA-BB96-EB7B1835D9EF}.Debug|Any CPU.ActiveCfg = Debug|Any CPU
		{1790A484-BDF0-40CA-BB96-EB7B1835D9EF}.Debug|Any CPU.Build.0 = Debug|Any CPU
		{1790A484-BDF0-40CA-BB96-EB7B1835D9EF}.Release|Any CPU.ActiveCfg = Release|Any CPU
		{1790A484-BDF0-40CA-BB96-EB7B1835D9EF}.Release|Any CPU.Build.0 = Release|Any CPU
		{42AE8436-7A76-40EC-BAD0-77F33D4C7106}.Debug|Any CPU.ActiveCfg = Debug|Any CPU
		{42AE8436-7A76-40EC-BAD0-77F33D4C7106}.Debug|Any CPU.Build.0 = Debug|Any CPU
		{42AE8436-7A76-40EC-BAD0-77F33D4C7106}.Release|Any CPU.ActiveCfg = Release|Any CPU
		{42AE8436-7A76-40EC-BAD0-77F33D4C7106}.Release|Any CPU.Build.0 = Release|Any CPU
		{6331D082-0ED5-46DC-A3A5-355DF6BCFDF2}.Debug|Any CPU.ActiveCfg = Debug|Any CPU
		{6331D082-0ED5-46DC-A3A5-355DF6BCFDF2}.Debug|Any CPU.Build.0 = Debug|Any CPU
		{6331D082-0ED5-46DC-A3A5-355DF6BCFDF2}.Release|Any CPU.ActiveCfg = Release|Any CPU
		{6331D082-0ED5-46DC-A3A5-355DF6BCFDF2}.Release|Any CPU.Build.0 = Release|Any CPU
		{ED8131AB-BD72-491C-BA40-BBFC8B9409C4}.Debug|Any CPU.ActiveCfg = Debug|Any CPU
		{ED8131AB-BD72-491C-BA40-BBFC8B9409C4}.Debug|Any CPU.Build.0 = Debug|Any CPU
		{ED8131AB-BD72-491C-BA40-BBFC8B9409C4}.Release|Any CPU.ActiveCfg = Release|Any CPU
		{ED8131AB-BD72-491C-BA40-BBFC8B9409C4}.Release|Any CPU.Build.0 = Release|Any CPU
	EndGlobalSection
	GlobalSection(SolutionProperties) = preSolution
		HideSolutionNode = FALSE
	EndGlobalSection
	GlobalSection(NestedProjects) = preSolution
		{B44ED720-2DA2-422B-8A56-E8FF754EE9ED} = {A8478458-E8BD-4ED4-A64B-65D8DB842126}
		{1790A484-BDF0-40CA-BB96-EB7B1835D9EF} = {A8478458-E8BD-4ED4-A64B-65D8DB842126}
		{42AE8436-7A76-40EC-BAD0-77F33D4C7106} = {A8478458-E8BD-4ED4-A64B-65D8DB842126}
		{3EE4BCBF-736D-4E08-B733-1765FB701D4D} = {A8478458-E8BD-4ED4-A64B-65D8DB842126}
		{6331D082-0ED5-46DC-A3A5-355DF6BCFDF2} = {3EE4BCBF-736D-4E08-B733-1765FB701D4D}
		{ED8131AB-BD72-491C-BA40-BBFC8B9409C4} = {A8478458-E8BD-4ED4-A64B-65D8DB842126}
	EndGlobalSection
	GlobalSection(ExtensibilityGlobals) = postSolution
		SolutionGuid = {9C45DA83-F0DD-4979-B36A-0AB990CB97FB}
	EndGlobalSection
EndGlobal
